
Microsoft Visual Studio Solution File, Format Version 12.00
# Visual Studio Version 17
VisualStudioVersion = 17.13.35931.197 d17.13
MinimumVisualStudioVersion = 10.0.40219.1
Project("{FAE04EC0-301F-11D3-BF4B-00C04F79EFBC}") = "TTNN1_QLBachHoa", "TTNN1_QLBachHoa\TTNN1_QLBachHoa.csproj", "{42C5CADE-BF82-4F45-B093-CCF158A4C959}"
EndProject
Global
	GlobalSection(SolutionConfigurationPlatforms) = preSolution
		Debug|Any CPU = Debug|Any CPU
		Release|Any CPU = Release|Any CPU
	EndGlobalSection
	GlobalSection(ProjectConfigurationPlatforms) = postSolution
		{42C5CADE-BF82-4F45-B093-CCF158A4C959}.Debug|Any CPU.ActiveCfg = Debug|Any CPU
		{42C5CADE-BF82-4F45-B093-CCF158A4C959}.Debug|Any CPU.Build.0 = Debug|Any CPU
		{42C5CADE-BF82-4F45-B093-CCF158A4C959}.Release|Any CPU.ActiveCfg = Release|Any CPU
		{42C5CADE-BF82-4F45-B093-CCF158A4C959}.Release|Any CPU.Build.0 = Release|Any CPU
	EndGlobalSection
	GlobalSection(SolutionProperties) = preSolution
		HideSolutionNode = FALSE
	EndGlobalSection
	GlobalSection(ExtensibilityGlobals) = postSolution
		SolutionGuid = {DEDE99F1-5BF6-4F52-8159-1F8D6F620DC6}
	EndGlobalSection
EndGlobal
